
Microsoft Visual Studio Solution File, Format Version 12.00
# Visual Studio Version 17
VisualStudioVersion = 17.4.33205.214
MinimumVisualStudioVersion = 10.0.40219.1
Project("{FAE04EC0-301F-11D3-BF4B-00C04F79EFBC}") = "ProblemSolving", "ProblemSolving.csproj", "{FFC928CA-C114-4550-B7DC-2B8549DE9C4B}"
EndProject
Global
	GlobalSection(SolutionConfigurationPlatforms) = preSolution
		Debug|Any CPU = Debug|Any CPU
		Release|Any CPU = Release|Any CPU
	EndGlobalSection
	GlobalSection(ProjectConfigurationPlatforms) = postSolution
		{FFC928CA-C114-4550-B7DC-2B8549DE9C4B}.Debug|Any CPU.ActiveCfg = Debug|Any CPU
		{FFC928CA-C114-4550-B7DC-2B8549DE9C4B}.Debug|Any CPU.Build.0 = Debug|Any CPU
		{FFC928CA-C114-4550-B7DC-2B8549DE9C4B}.Release|Any CPU.ActiveCfg = Release|Any CPU
		{FFC928CA-C114-4550-B7DC-2B8549DE9C4B}.Release|Any CPU.Build.0 = Release|Any CPU
	EndGlobalSection
	GlobalSection(SolutionProperties) = preSolution
		HideSolutionNode = FALSE
	EndGlobalSection
	GlobalSection(ExtensibilityGlobals) = postSolution
		SolutionGuid = {172A48E4-32A7-42EB-80F6-EC2C66089452}
	EndGlobalSection
EndGlobal
